
Microsoft Visual Studio Solution File, Format Version 12.00
# Visual Studio Version 16
VisualStudioVersion = 16.0.29020.237
MinimumVisualStudioVersion = 10.0.40219.1
Project("{FAE04EC0-301F-11D3-BF4B-00C04F79EFBC}") = "RockPaperScissorsMobile.Android", "RockPaperScissorsMobile\RockPaperScissorsMobile.Android\RockPaperScissorsMobile.Android.csproj", "{22688EF1-F0C7-4E6B-9A5A-B21C786F2252}"
EndProject
Project("{9A19103F-16F7-4668-BE54-9A1E7A4F7556}") = "RockPaperScissorsMobile", "RockPaperScissorsMobile\RockPaperScissorsMobile\RockPaperScissorsMobile.csproj", "{858E4577-C6EE-4C46-98AD-DB69743C7940}"
EndProject
Project("{FAE04EC0-301F-11D3-BF4B-00C04F79EFBC}") = "RPSClassLib", "RockPaperScissorsMobile\RPSClassLib\RPSClassLib.csproj", "{9271D330-37B3-4C71-9D30-3B90F0B5DF0D}"
EndProject
Global
	GlobalSection(SolutionConfigurationPlatforms) = preSolution
		Ad-Hoc|Any CPU = Ad-Hoc|Any CPU
		Ad-Hoc|iPhone = Ad-Hoc|iPhone
		Ad-Hoc|iPhoneSimulator = Ad-Hoc|iPhoneSimulator
		AppStore|Any CPU = AppStore|Any CPU
		AppStore|iPhone = AppStore|iPhone
		AppStore|iPhoneSimulator = AppStore|iPhoneSimulator
		Debug|Any CPU = Debug|Any CPU
		Debug|iPhone = Debug|iPhone
		Debug|iPhoneSimulator = Debug|iPhoneSimulator
		Release|Any CPU = Release|Any CPU
		Release|iPhone = Release|iPhone
		Release|iPhoneSimulator = Release|iPhoneSimulator
	EndGlobalSection
	GlobalSection(ProjectConfigurationPlatforms) = postSolution
		{22688EF1-F0C7-4E6B-9A5A-B21C786F2252}.Ad-Hoc|Any CPU.ActiveCfg = Release|Any CPU
		{22688EF1-F0C7-4E6B-9A5A-B21C786F2252}.Ad-Hoc|Any CPU.Build.0 = Release|Any CPU
		{22688EF1-F0C7-4E6B-9A5A-B21C786F2252}.Ad-Hoc|Any CPU.Deploy.0 = Release|Any CPU
		{22688EF1-F0C7-4E6B-9A5A-B21C786F2252}.Ad-Hoc|iPhone.ActiveCfg = Release|Any CPU
		{22688EF1-F0C7-4E6B-9A5A-B21C786F2252}.Ad-Hoc|iPhone.Build.0 = Release|Any CPU
		{22688EF1-F0C7-4E6B-9A5A-B21C786F2252}.Ad-Hoc|iPhone.Deploy.0 = Release|Any CPU
		{22688EF1-F0C7-4E6B-9A5A-B21C786F2252}.Ad-Hoc|iPhoneSimulator.ActiveCfg = Release|Any CPU
		{22688EF1-F0C7-4E6B-9A5A-B21C786F2252}.Ad-Hoc|iPhoneSimulator.Build.0 = Release|Any CPU
		{22688EF1-F0C7-4E6B-9A5A-B21C786F2252}.Ad-Hoc|iPhoneSimulator.Deploy.0 = Release|Any CPU
		{22688EF1-F0C7-4E6B-9A5A-B21C786F2252}.AppStore|Any CPU.ActiveCfg = Release|Any CPU
		{22688EF1-F0C7-4E6B-9A5A-B21C786F2252}.AppStore|Any CPU.Build.0 = Release|Any CPU
		{22688EF1-F0C7-4E6B-9A5A-B21C786F2252}.AppStore|Any CPU.Deploy.0 = Release|Any CPU
		{22688EF1-F0C7-4E6B-9A5A-B21C786F2252}.AppStore|iPhone.ActiveCfg = Release|Any CPU
		{22688EF1-F0C7-4E6B-9A5A-B21C786F2252}.AppStore|iPhone.Build.0 = Release|Any CPU
		{22688EF1-F0C7-4E6B-9A5A-B21C786F2252}.AppStore|iPhone.Deploy.0 = Release|Any CPU
		{22688EF1-F0C7-4E6B-9A5A-B21C786F2252}.AppStore|iPhoneSimulator.ActiveCfg = Release|Any CPU
		{22688EF1-F0C7-4E6B-9A5A-B21C786F2252}.AppStore|iPhoneSimulator.Build.0 = Release|Any CPU
		{22688EF1-F0C7-4E6B-9A5A-B21C786F2252}.AppStore|iPhoneSimulator.Deploy.0 = Release|Any CPU
		{22688EF1-F0C7-4E6B-9A5A-B21C786F2252}.Debug|Any CPU.ActiveCfg = Debug|Any CPU
		{22688EF1-F0C7-4E6B-9A5A-B21C786F2252}.Debug|Any CPU.Build.0 = Debug|Any CPU
		{22688EF1-F0C7-4E6B-9A5A-B21C786F2252}.Debug|Any CPU.Deploy.0 = Debug|Any CPU
		{22688EF1-F0C7-4E6B-9A5A-B21C786F2252}.Debug|iPhone.ActiveCfg = Debug|Any CPU
		{22688EF1-F0C7-4E6B-9A5A-B21C786F2252}.Debug|iPhone.Build.0 = Debug|Any CPU
		{22688EF1-F0C7-4E6B-9A5A-B21C786F2252}.Debug|iPhone.Deploy.0 = Debug|Any CPU
		{22688EF1-F0C7-4E6B-9A5A-B21C786F2252}.Debug|iPhoneSimulator.ActiveCfg = Debug|Any CPU
		{22688EF1-F0C7-4E6B-9A5A-B21C786F2252}.Debug|iPhoneSimulator.Build.0 = Debug|Any CPU
		{22688EF1-F0C7-4E6B-9A5A-B21C786F2252}.Debug|iPhoneSimulator.Deploy.0 = Debug|Any CPU
		{22688EF1-F0C7-4E6B-9A5A-B21C786F2252}.Release|Any CPU.ActiveCfg = Release|Any CPU
		{22688EF1-F0C7-4E6B-9A5A-B21C786F2252}.Release|Any CPU.Build.0 = Release|Any CPU
		{22688EF1-F0C7-4E6B-9A5A-B21C786F2252}.Release|Any CPU.Deploy.0 = Release|Any CPU
		{22688EF1-F0C7-4E6B-9A5A-B21C786F2252}.Release|iPhone.ActiveCfg = Release|Any CPU
		{22688EF1-F0C7-4E6B-9A5A-B21C786F2252}.Release|iPhone.Build.0 = Release|Any CPU
		{22688EF1-F0C7-4E6B-9A5A-B21C786F2252}.Release|iPhone.Deploy.0 = Release|Any CPU
		{22688EF1-F0C7-4E6B-9A5A-B21C786F2252}.Release|iPhoneSimulator.ActiveCfg = Release|Any CPU
		{22688EF1-F0C7-4E6B-9A5A-B21C786F2252}.Release|iPhoneSimulator.Build.0 = Release|Any CPU
		{22688EF1-F0C7-4E6B-9A5A-B21C786F2252}.Release|iPhoneSimulator.Deploy.0 = Release|Any CPU
		{858E4577-C6EE-4C46-98AD-DB69743C7940}.Ad-Hoc|Any CPU.ActiveCfg = Debug|Any CPU
		{858E4577-C6EE-4C46-98AD-DB69743C7940}.Ad-Hoc|Any CPU.Build.0 = Debug|Any CPU
		{858E4577-C6EE-4C46-98AD-DB69743C7940}.Ad-Hoc|Any CPU.Deploy.0 = Debug|Any CPU
		{858E4577-C6EE-4C46-98AD-DB69743C7940}.Ad-Hoc|iPhone.ActiveCfg = Debug|Any CPU
		{858E4577-C6EE-4C46-98AD-DB69743C7940}.Ad-Hoc|iPhone.Build.0 = Debug|Any CPU
		{858E4577-C6EE-4C46-98AD-DB69743C7940}.Ad-Hoc|iPhone.Deploy.0 = Debug|Any CPU
		{858E4577-C6EE-4C46-98AD-DB69743C7940}.Ad-Hoc|iPhoneSimulator.ActiveCfg = Debug|Any CPU
		{858E4577-C6EE-4C46-98AD-DB69743C7940}.Ad-Hoc|iPhoneSimulator.Build.0 = Debug|Any CPU
		{858E4577-C6EE-4C46-98AD-DB69743C7940}.Ad-Hoc|iPhoneSimulator.Deploy.0 = Debug|Any CPU
		{858E4577-C6EE-4C46-98AD-DB69743C7940}.AppStore|Any CPU.ActiveCfg = Debug|Any CPU
		{858E4577-C6EE-4C46-98AD-DB69743C7940}.AppStore|Any CPU.Build.0 = Debug|Any CPU
		{858E4577-C6EE-4C46-98AD-DB69743C7940}.AppStore|Any CPU.Deploy.0 = Debug|Any CPU
		{858E4577-C6EE-4C46-98AD-DB69743C7940}.AppStore|iPhone.ActiveCfg = Debug|Any CPU
		{858E4577-C6EE-4C46-98AD-DB69743C7940}.AppStore|iPhone.Build.0 = Debug|Any CPU
		{858E4577-C6EE-4C46-98AD-DB69743C7940}.AppStore|iPhone.Deploy.0 = Debug|Any CPU
		{858E4577-C6EE-4C46-98AD-DB69743C7940}.AppStore|iPhoneSimulator.ActiveCfg = Debug|Any CPU
		{858E4577-C6EE-4C46-98AD-DB69743C7940}.AppStore|iPhoneSimulator.Build.0 = Debug|Any CPU
		{858E4577-C6EE-4C46-98AD-DB69743C7940}.AppStore|iPhoneSimulator.Deploy.0 = Debug|Any CPU
		{858E4577-C6EE-4C46-98AD-DB69743C7940}.Debug|Any CPU.ActiveCfg = Debug|Any CPU
		{858E4577-C6EE-4C46-98AD-DB69743C7940}.Debug|Any CPU.Build.0 = Debug|Any CPU
		{858E4577-C6EE-4C46-98AD-DB69743C7940}.Debug|Any CPU.Deploy.0 = Debug|Any CPU
		{858E4577-C6EE-4C46-98AD-DB69743C7940}.Debug|iPhone.ActiveCfg = Debug|Any CPU
		{858E4577-C6EE-4C46-98AD-DB69743C7940}.Debug|iPhone.Build.0 = Debug|Any CPU
		{858E4577-C6EE-4C46-98AD-DB69743C7940}.Debug|iPhone.Deploy.0 = Debug|Any CPU
		{858E4577-C6EE-4C46-98AD-DB69743C7940}.Debug|iPhoneSimulator.ActiveCfg = Debug|Any CPU
		{858E4577-C6EE-4C46-98AD-DB69743C7940}.Debug|iPhoneSimulator.Build.0 = Debug|Any CPU
		{858E4577-C6EE-4C46-98AD-DB69743C7940}.Debug|iPhoneSimulator.Deploy.0 = Debug|Any CPU
		{858E4577-C6EE-4C46-98AD-DB69743C7940}.Release|Any CPU.ActiveCfg = Release|Any CPU
		{858E4577-C6EE-4C46-98AD-DB69743C7940}.Release|Any CPU.Build.0 = Release|Any CPU
		{858E4577-C6EE-4C46-98AD-DB69743C7940}.Release|Any CPU.Deploy.0 = Release|Any CPU
		{858E4577-C6EE-4C46-98AD-DB69743C7940}.Release|iPhone.ActiveCfg = Release|Any CPU
		{858E4577-C6EE-4C46-98AD-DB69743C7940}.Release|iPhone.Build.0 = Release|Any CPU
		{858E4577-C6EE-4C46-98AD-DB69743C7940}.Release|iPhone.Deploy.0 = Release|Any CPU
		{858E4577-C6EE-4C46-98AD-DB69743C7940}.Release|iPhoneSimulator.ActiveCfg = Release|Any CPU
		{858E4577-C6EE-4C46-98AD-DB69743C7940}.Release|iPhoneSimulator.Build.0 = Release|Any CPU
		{858E4577-C6EE-4C46-98AD-DB69743C7940}.Release|iPhoneSimulator.Deploy.0 = Release|Any CPU
		{9271D330-37B3-4C71-9D30-3B90F0B5DF0D}.Ad-Hoc|Any CPU.ActiveCfg = Release|Any CPU
		{9271D330-37B3-4C71-9D30-3B90F0B5DF0D}.Ad-Hoc|Any CPU.Build.0 = Release|Any CPU
		{9271D330-37B3-4C71-9D30-3B90F0B5DF0D}.Ad-Hoc|iPhone.ActiveCfg = Release|Any CPU
		{9271D330-37B3-4C71-9D30-3B90F0B5DF0D}.Ad-Hoc|iPhone.Build.0 = Release|Any CPU
		{9271D330-37B3-4C71-9D30-3B90F0B5DF0D}.Ad-Hoc|iPhoneSimulator.ActiveCfg = Release|Any CPU
		{9271D330-37B3-4C71-9D30-3B90F0B5DF0D}.Ad-Hoc|iPhoneSimulator.Build.0 = Release|Any CPU
		{9271D330-37B3-4C71-9D30-3B90F0B5DF0D}.AppStore|Any CPU.ActiveCfg = Release|Any CPU
		{9271D330-37B3-4C71-9D30-3B90F0B5DF0D}.AppStore|Any CPU.Build.0 = Release|Any CPU
		{9271D330-37B3-4C71-9D30-3B90F0B5DF0D}.AppStore|iPhone.ActiveCfg = Release|Any CPU
		{9271D330-37B3-4C71-9D30-3B90F0B5DF0D}.AppStore|iPhone.Build.0 = Release|Any CPU
		{9271D330-37B3-4C71-9D30-3B90F0B5DF0D}.AppStore|iPhoneSimulator.ActiveCfg = Release|Any CPU
		{9271D330-37B3-4C71-9D30-3B90F0B5DF0D}.AppStore|iPhoneSimulator.Build.0 = Release|Any CPU
		{9271D330-37B3-4C71-9D30-3B90F0B5DF0D}.Debug|Any CPU.ActiveCfg = Debug|Any CPU
		{9271D330-37B3-4C71-9D30-3B90F0B5DF0D}.Debug|Any CPU.Build.0 = Debug|Any CPU
		{9271D330-37B3-4C71-9D30-3B90F0B5DF0D}.Debug|iPhone.ActiveCfg = Debug|Any CPU
		{9271D330-37B3-4C71-9D30-3B90F0B5DF0D}.Debug|iPhone.Build.0 = Debug|Any CPU
		{9271D330-37B3-4C71-9D30-3B90F0B5DF0D}.Debug|iPhoneSimulator.ActiveCfg = Debug|Any CPU
		{9271D330-37B3-4C71-9D30-3B90F0B5DF0D}.Debug|iPhoneSimulator.Build.0 = Debug|Any CPU
		{9271D330-37B3-4C71-9D30-3B90F0B5DF0D}.Release|Any CPU.ActiveCfg = Release|Any CPU
		{9271D330-37B3-4C71-9D30-3B90F0B5DF0D}.Release|Any CPU.Build.0 = Release|Any CPU
		{9271D330-37B3-4C71-9D30-3B90F0B5DF0D}.Release|iPhone.ActiveCfg = Release|Any CPU
		{9271D330-37B3-4C71-9D30-3B90F0B5DF0D}.Release|iPhone.Build.0 = Release|Any CPU
		{9271D330-37B3-4C71-9D30-3B90F0B5DF0D}.Release|iPhoneSimulator.ActiveCfg = Release|Any CPU
		{9271D330-37B3-4C71-9D30-3B90F0B5DF0D}.Release|iPhoneSimulator.Build.0 = Release|Any CPU
	EndGlobalSection
	GlobalSection(SolutionProperties) = preSolution
		HideSolutionNode = FALSE
	EndGlobalSection
	GlobalSection(ExtensibilityGlobals) = postSolution
		SolutionGuid = {AD0F8A92-FE66-4765-BEB0-C44FC38D1987}
	EndGlobalSection
EndGlobal
